
Microsoft Visual Studio Solution File, Format Version 12.00
# Visual Studio Version 16
VisualStudioVersion = 16.0.30330.147
MinimumVisualStudioVersion = 10.0.40219.1
Project("{9A19103F-16F7-4668-BE54-9A1E7A4F7556}") = "CrmPortal", "CrmPortal\CrmPortal.csproj", "{404C2CA6-3D57-4C87-887D-1FEE5ABC75CE}"
EndProject
Project("{9A19103F-16F7-4668-BE54-9A1E7A4F7556}") = "CrmPortal.Test", "CrmPortal.Test\CrmPortal.Test.csproj", "{73B5C756-324F-4139-A02B-A20FD8984A71}"
EndProject
Global
	GlobalSection(SolutionConfigurationPlatforms) = preSolution
		Debug|Any CPU = Debug|Any CPU
		Release|Any CPU = Release|Any CPU
	EndGlobalSection
	GlobalSection(ProjectConfigurationPlatforms) = postSolution
		{404C2CA6-3D57-4C87-887D-1FEE5ABC75CE}.Debug|Any CPU.ActiveCfg = Debug|Any CPU
		{404C2CA6-3D57-4C87-887D-1FEE5ABC75CE}.Debug|Any CPU.Build.0 = Debug|Any CPU
		{404C2CA6-3D57-4C87-887D-1FEE5ABC75CE}.Release|Any CPU.ActiveCfg = Release|Any CPU
		{404C2CA6-3D57-4C87-887D-1FEE5ABC75CE}.Release|Any CPU.Build.0 = Release|Any CPU
		{73B5C756-324F-4139-A02B-A20FD8984A71}.Debug|Any CPU.ActiveCfg = Debug|Any CPU
		{73B5C756-324F-4139-A02B-A20FD8984A71}.Debug|Any CPU.Build.0 = Debug|Any CPU
		{73B5C756-324F-4139-A02B-A20FD8984A71}.Release|Any CPU.ActiveCfg = Release|Any CPU
		{73B5C756-324F-4139-A02B-A20FD8984A71}.Release|Any CPU.Build.0 = Release|Any CPU
	EndGlobalSection
	GlobalSection(SolutionProperties) = preSolution
		HideSolutionNode = FALSE
	EndGlobalSection
	GlobalSection(ExtensibilityGlobals) = postSolution
		SolutionGuid = {6155581D-831D-4177-B3B6-8029F92C1AFC}
	EndGlobalSection
EndGlobal
